
Microsoft Visual Studio Solution File, Format Version 12.00
# Visual Studio Version 16
VisualStudioVersion = 16.0.30413.136
MinimumVisualStudioVersion = 10.0.40219.1
Project("{8BC9CEB8-8B4A-11D0-8D11-00A0C91BC942}") = "Utility", "Utility\Utility.vcxproj", "{B2168613-5645-4AAE-95E9-FEE22A415C20}"
EndProject
Project("{8BC9CEB8-8B4A-11D0-8D11-00A0C91BC942}") = "ZZZ_ArgCheck", "ZZZ_ArgCheck\ZZZ_ArgCheck.vcxproj", "{27ACF4A0-2AAA-4899-AAD2-90E4431DFC09}"
	ProjectSection(ProjectDependencies) = postProject
		{B2168613-5645-4AAE-95E9-FEE22A415C20} = {B2168613-5645-4AAE-95E9-FEE22A415C20}
	EndProjectSection
EndProject
Project("{8BC9CEB8-8B4A-11D0-8D11-00A0C91BC942}") = "ZZZ_CriticalEventHandler", "ZZZ_CriticalEventHandler\ZZZ_CriticalEventHandler.vcxproj", "{8F674349-5B3A-475A-A2CB-0CFDDE8A7629}"
	ProjectSection(ProjectDependencies) = postProject
		{B2168613-5645-4AAE-95E9-FEE22A415C20} = {B2168613-5645-4AAE-95E9-FEE22A415C20}
	EndProjectSection
EndProject
Project("{8BC9CEB8-8B4A-11D0-8D11-00A0C91BC942}") = "ZZZ_DemangleCppName", "ZZZ_DemangleCppName\ZZZ_DemangleCppName.vcxproj", "{1F7218A0-CD43-4B1B-98A0-D2A2DC4EE5C6}"
	ProjectSection(ProjectDependencies) = postProject
		{B2168613-5645-4AAE-95E9-FEE22A415C20} = {B2168613-5645-4AAE-95E9-FEE22A415C20}
	EndProjectSection
EndProject
Project("{8BC9CEB8-8B4A-11D0-8D11-00A0C91BC942}") = "ZZZ_GetEnvironment", "ZZZ_GetEnvironment\ZZZ_GetEnvironment.vcxproj", "{64011950-CF24-442D-BED5-5DA7A5DC85C8}"
	ProjectSection(ProjectDependencies) = postProject
		{B2168613-5645-4AAE-95E9-FEE22A415C20} = {B2168613-5645-4AAE-95E9-FEE22A415C20}
	EndProjectSection
EndProject
Project("{8BC9CEB8-8B4A-11D0-8D11-00A0C91BC942}") = "ZZZ_HostName", "ZZZ_HostName\ZZZ_HostName.vcxproj", "{ECBCF6C4-52D6-4BDA-81A2-960D0297C83C}"
	ProjectSection(ProjectDependencies) = postProject
		{B2168613-5645-4AAE-95E9-FEE22A415C20} = {B2168613-5645-4AAE-95E9-FEE22A415C20}
	EndProjectSection
EndProject
Project("{8BC9CEB8-8B4A-11D0-8D11-00A0C91BC942}") = "ZZZ_ParseCfgFile", "ZZZ_ParseCfgFile\ZZZ_ParseCfgFile.vcxproj", "{647C7924-F381-43BB-9620-718AF6EEC6BB}"
	ProjectSection(ProjectDependencies) = postProject
		{B2168613-5645-4AAE-95E9-FEE22A415C20} = {B2168613-5645-4AAE-95E9-FEE22A415C20}
	EndProjectSection
EndProject
Project("{8BC9CEB8-8B4A-11D0-8D11-00A0C91BC942}") = "ZZZ_ParseNumericString", "ZZZ_ParseNumericString\ZZZ_ParseNumericString.vcxproj", "{DBC0523B-763B-4BE8-9446-3FDD041FE4E9}"
	ProjectSection(ProjectDependencies) = postProject
		{B2168613-5645-4AAE-95E9-FEE22A415C20} = {B2168613-5645-4AAE-95E9-FEE22A415C20}
	EndProjectSection
EndProject
Project("{8BC9CEB8-8B4A-11D0-8D11-00A0C91BC942}") = "ZZZ_PathNameCanonicalizeSlashes", "ZZZ_PathNameCanonicalizeSlashes\ZZZ_PathNameCanonicalizeSlashes.vcxproj", "{DBB8C50C-8C40-4058-9B8B-DA3B832D5A24}"
	ProjectSection(ProjectDependencies) = postProject
		{B2168613-5645-4AAE-95E9-FEE22A415C20} = {B2168613-5645-4AAE-95E9-FEE22A415C20}
	EndProjectSection
EndProject
Project("{8BC9CEB8-8B4A-11D0-8D11-00A0C91BC942}") = "ZZZ_ResolveCmdLineArg", "ZZZ_ResolveCmdLineArg\ZZZ_ResolveCmdLineArg.vcxproj", "{6DC265D2-DE68-455F-8B7C-3D9C034D892B}"
	ProjectSection(ProjectDependencies) = postProject
		{B2168613-5645-4AAE-95E9-FEE22A415C20} = {B2168613-5645-4AAE-95E9-FEE22A415C20}
	EndProjectSection
EndProject
Project("{8BC9CEB8-8B4A-11D0-8D11-00A0C91BC942}") = "ZZZ_ResourceLimits", "ZZZ_ResourceLimits\ZZZ_ResourceLimits.vcxproj", "{4FF62AE4-88CA-430B-956F-F1AFA6615D68}"
	ProjectSection(ProjectDependencies) = postProject
		{B2168613-5645-4AAE-95E9-FEE22A415C20} = {B2168613-5645-4AAE-95E9-FEE22A415C20}
	EndProjectSection
EndProject
Project("{8BC9CEB8-8B4A-11D0-8D11-00A0C91BC942}") = "ZZZ_RsrcUsage", "ZZZ_RsrcUsage\ZZZ_RsrcUsage.vcxproj", "{ACF68FEC-8FA0-421C-81FB-B446521DC4DF}"
	ProjectSection(ProjectDependencies) = postProject
		{B2168613-5645-4AAE-95E9-FEE22A415C20} = {B2168613-5645-4AAE-95E9-FEE22A415C20}
	EndProjectSection
EndProject
Project("{8BC9CEB8-8B4A-11D0-8D11-00A0C91BC942}") = "ZZZ_ThrowErrno", "ZZZ_ThrowErrno\ZZZ_ThrowErrno.vcxproj", "{636B701B-4A3F-404A-A8C3-5E4DCE8D447E}"
	ProjectSection(ProjectDependencies) = postProject
		{B2168613-5645-4AAE-95E9-FEE22A415C20} = {B2168613-5645-4AAE-95E9-FEE22A415C20}
	EndProjectSection
EndProject
Project("{8BC9CEB8-8B4A-11D0-8D11-00A0C91BC942}") = "ZZZ_ThrowSystemError", "ZZZ_ThrowSystemError\ZZZ_ThrowSystemError.vcxproj", "{C5694F2E-DC6F-4DD6-8EE9-28843CE144C8}"
	ProjectSection(ProjectDependencies) = postProject
		{B2168613-5645-4AAE-95E9-FEE22A415C20} = {B2168613-5645-4AAE-95E9-FEE22A415C20}
	EndProjectSection
EndProject
Project("{8BC9CEB8-8B4A-11D0-8D11-00A0C91BC942}") = "Logger", "Logger\Logger.vcxproj", "{2E67D9A5-8445-4C86-A609-116BB531F4A2}"
	ProjectSection(ProjectDependencies) = postProject
		{B2168613-5645-4AAE-95E9-FEE22A415C20} = {B2168613-5645-4AAE-95E9-FEE22A415C20}
	EndProjectSection
EndProject
Project("{8BC9CEB8-8B4A-11D0-8D11-00A0C91BC942}") = "ZZZ_LogManager", "ZZZ_LogManager\ZZZ_LogManager.vcxproj", "{14EB79E9-E238-491B-98BE-A432D2446749}"
	ProjectSection(ProjectDependencies) = postProject
		{2E67D9A5-8445-4C86-A609-116BB531F4A2} = {2E67D9A5-8445-4C86-A609-116BB531F4A2}
	EndProjectSection
EndProject
Project("{8BC9CEB8-8B4A-11D0-8D11-00A0C91BC942}") = "ZZZ_UniqueId", "ZZZ_UniqueId\ZZZ_UniqueId.vcxproj", "{5DB98DAF-B68F-4824-A112-9BA525F8446F}"
	ProjectSection(ProjectDependencies) = postProject
		{B2168613-5645-4AAE-95E9-FEE22A415C20} = {B2168613-5645-4AAE-95E9-FEE22A415C20}
	EndProjectSection
EndProject
Project("{8BC9CEB8-8B4A-11D0-8D11-00A0C91BC942}") = "MFStore", "MFStore\MFStore.vcxproj", "{F46FC3F1-D90F-47B2-A2AC-58225009CBB6}"
	ProjectSection(ProjectDependencies) = postProject
		{2E67D9A5-8445-4C86-A609-116BB531F4A2} = {2E67D9A5-8445-4C86-A609-116BB531F4A2}
	EndProjectSection
EndProject
Project("{8BC9CEB8-8B4A-11D0-8D11-00A0C91BC942}") = "ZZZ_MFST_CreateMFStore", "ZZZ_MFST_CreateMFStore\ZZZ_MFST_CreateMFStore.vcxproj", "{E966EFA4-BBDE-437E-B948-9570FDC07472}"
	ProjectSection(ProjectDependencies) = postProject
		{B2168613-5645-4AAE-95E9-FEE22A415C20} = {B2168613-5645-4AAE-95E9-FEE22A415C20}
		{F46FC3F1-D90F-47B2-A2AC-58225009CBB6} = {F46FC3F1-D90F-47B2-A2AC-58225009CBB6}
	EndProjectSection
EndProject
Project("{8BC9CEB8-8B4A-11D0-8D11-00A0C91BC942}") = "ZZZ_ParseCsv", "ZZZ_ParseCsv\ZZZ_ParseCsv.vcxproj", "{10CDDEF7-A38C-4B7F-9B4F-6315ED92E227}"
	ProjectSection(ProjectDependencies) = postProject
		{B2168613-5645-4AAE-95E9-FEE22A415C20} = {B2168613-5645-4AAE-95E9-FEE22A415C20}
	EndProjectSection
EndProject
Project("{8BC9CEB8-8B4A-11D0-8D11-00A0C91BC942}") = "ZZZ_ParseLine", "ZZZ_ParseLine\ZZZ_ParseLine.vcxproj", "{5B6DC64E-CEB0-42E8-A6D1-D12EBDD73951}"
	ProjectSection(ProjectDependencies) = postProject
		{B2168613-5645-4AAE-95E9-FEE22A415C20} = {B2168613-5645-4AAE-95E9-FEE22A415C20}
	EndProjectSection
EndProject
Project("{8BC9CEB8-8B4A-11D0-8D11-00A0C91BC942}") = "ZZZ_TimeSpec", "ZZZ_TimeSpec\ZZZ_TimeSpec.vcxproj", "{B7C7E511-AE6F-4E6D-ADE9-CE04E5DACFF4}"
EndProject
Global
	GlobalSection(SolutionConfigurationPlatforms) = preSolution
		Debug|x64 = Debug|x64
		Debug|x86 = Debug|x86
		Release|x64 = Release|x64
		Release|x86 = Release|x86
	EndGlobalSection
	GlobalSection(ProjectConfigurationPlatforms) = postSolution
		{B2168613-5645-4AAE-95E9-FEE22A415C20}.Debug|x64.ActiveCfg = Debug|x64
		{B2168613-5645-4AAE-95E9-FEE22A415C20}.Debug|x64.Build.0 = Debug|x64
		{B2168613-5645-4AAE-95E9-FEE22A415C20}.Debug|x86.ActiveCfg = Debug|Win32
		{B2168613-5645-4AAE-95E9-FEE22A415C20}.Debug|x86.Build.0 = Debug|Win32
		{B2168613-5645-4AAE-95E9-FEE22A415C20}.Release|x64.ActiveCfg = Release|x64
		{B2168613-5645-4AAE-95E9-FEE22A415C20}.Release|x64.Build.0 = Release|x64
		{B2168613-5645-4AAE-95E9-FEE22A415C20}.Release|x86.ActiveCfg = Release|Win32
		{B2168613-5645-4AAE-95E9-FEE22A415C20}.Release|x86.Build.0 = Release|Win32
		{27ACF4A0-2AAA-4899-AAD2-90E4431DFC09}.Debug|x64.ActiveCfg = Debug|x64
		{27ACF4A0-2AAA-4899-AAD2-90E4431DFC09}.Debug|x64.Build.0 = Debug|x64
		{27ACF4A0-2AAA-4899-AAD2-90E4431DFC09}.Debug|x86.ActiveCfg = Debug|Win32
		{27ACF4A0-2AAA-4899-AAD2-90E4431DFC09}.Debug|x86.Build.0 = Debug|Win32
		{27ACF4A0-2AAA-4899-AAD2-90E4431DFC09}.Release|x64.ActiveCfg = Release|x64
		{27ACF4A0-2AAA-4899-AAD2-90E4431DFC09}.Release|x64.Build.0 = Release|x64
		{27ACF4A0-2AAA-4899-AAD2-90E4431DFC09}.Release|x86.ActiveCfg = Release|Win32
		{27ACF4A0-2AAA-4899-AAD2-90E4431DFC09}.Release|x86.Build.0 = Release|Win32
		{8F674349-5B3A-475A-A2CB-0CFDDE8A7629}.Debug|x64.ActiveCfg = Debug|x64
		{8F674349-5B3A-475A-A2CB-0CFDDE8A7629}.Debug|x64.Build.0 = Debug|x64
		{8F674349-5B3A-475A-A2CB-0CFDDE8A7629}.Debug|x86.ActiveCfg = Debug|Win32
		{8F674349-5B3A-475A-A2CB-0CFDDE8A7629}.Debug|x86.Build.0 = Debug|Win32
		{8F674349-5B3A-475A-A2CB-0CFDDE8A7629}.Release|x64.ActiveCfg = Release|x64
		{8F674349-5B3A-475A-A2CB-0CFDDE8A7629}.Release|x64.Build.0 = Release|x64
		{8F674349-5B3A-475A-A2CB-0CFDDE8A7629}.Release|x86.ActiveCfg = Release|Win32
		{8F674349-5B3A-475A-A2CB-0CFDDE8A7629}.Release|x86.Build.0 = Release|Win32
		{1F7218A0-CD43-4B1B-98A0-D2A2DC4EE5C6}.Debug|x64.ActiveCfg = Debug|x64
		{1F7218A0-CD43-4B1B-98A0-D2A2DC4EE5C6}.Debug|x64.Build.0 = Debug|x64
		{1F7218A0-CD43-4B1B-98A0-D2A2DC4EE5C6}.Debug|x86.ActiveCfg = Debug|Win32
		{1F7218A0-CD43-4B1B-98A0-D2A2DC4EE5C6}.Debug|x86.Build.0 = Debug|Win32
		{1F7218A0-CD43-4B1B-98A0-D2A2DC4EE5C6}.Release|x64.ActiveCfg = Release|x64
		{1F7218A0-CD43-4B1B-98A0-D2A2DC4EE5C6}.Release|x64.Build.0 = Release|x64
		{1F7218A0-CD43-4B1B-98A0-D2A2DC4EE5C6}.Release|x86.ActiveCfg = Release|Win32
		{1F7218A0-CD43-4B1B-98A0-D2A2DC4EE5C6}.Release|x86.Build.0 = Release|Win32
		{64011950-CF24-442D-BED5-5DA7A5DC85C8}.Debug|x64.ActiveCfg = Debug|x64
		{64011950-CF24-442D-BED5-5DA7A5DC85C8}.Debug|x64.Build.0 = Debug|x64
		{64011950-CF24-442D-BED5-5DA7A5DC85C8}.Debug|x86.ActiveCfg = Debug|Win32
		{64011950-CF24-442D-BED5-5DA7A5DC85C8}.Debug|x86.Build.0 = Debug|Win32
		{64011950-CF24-442D-BED5-5DA7A5DC85C8}.Release|x64.ActiveCfg = Release|x64
		{64011950-CF24-442D-BED5-5DA7A5DC85C8}.Release|x64.Build.0 = Release|x64
		{64011950-CF24-442D-BED5-5DA7A5DC85C8}.Release|x86.ActiveCfg = Release|Win32
		{64011950-CF24-442D-BED5-5DA7A5DC85C8}.Release|x86.Build.0 = Release|Win32
		{ECBCF6C4-52D6-4BDA-81A2-960D0297C83C}.Debug|x64.ActiveCfg = Debug|x64
		{ECBCF6C4-52D6-4BDA-81A2-960D0297C83C}.Debug|x64.Build.0 = Debug|x64
		{ECBCF6C4-52D6-4BDA-81A2-960D0297C83C}.Debug|x86.ActiveCfg = Debug|Win32
		{ECBCF6C4-52D6-4BDA-81A2-960D0297C83C}.Debug|x86.Build.0 = Debug|Win32
		{ECBCF6C4-52D6-4BDA-81A2-960D0297C83C}.Release|x64.ActiveCfg = Release|x64
		{ECBCF6C4-52D6-4BDA-81A2-960D0297C83C}.Release|x64.Build.0 = Release|x64
		{ECBCF6C4-52D6-4BDA-81A2-960D0297C83C}.Release|x86.ActiveCfg = Release|Win32
		{ECBCF6C4-52D6-4BDA-81A2-960D0297C83C}.Release|x86.Build.0 = Release|Win32
		{647C7924-F381-43BB-9620-718AF6EEC6BB}.Debug|x64.ActiveCfg = Debug|x64
		{647C7924-F381-43BB-9620-718AF6EEC6BB}.Debug|x64.Build.0 = Debug|x64
		{647C7924-F381-43BB-9620-718AF6EEC6BB}.Debug|x86.ActiveCfg = Debug|Win32
		{647C7924-F381-43BB-9620-718AF6EEC6BB}.Debug|x86.Build.0 = Debug|Win32
		{647C7924-F381-43BB-9620-718AF6EEC6BB}.Release|x64.ActiveCfg = Release|x64
		{647C7924-F381-43BB-9620-718AF6EEC6BB}.Release|x64.Build.0 = Release|x64
		{647C7924-F381-43BB-9620-718AF6EEC6BB}.Release|x86.ActiveCfg = Release|Win32
		{647C7924-F381-43BB-9620-718AF6EEC6BB}.Release|x86.Build.0 = Release|Win32
		{DBC0523B-763B-4BE8-9446-3FDD041FE4E9}.Debug|x64.ActiveCfg = Debug|x64
		{DBC0523B-763B-4BE8-9446-3FDD041FE4E9}.Debug|x64.Build.0 = Debug|x64
		{DBC0523B-763B-4BE8-9446-3FDD041FE4E9}.Debug|x86.ActiveCfg = Debug|Win32
		{DBC0523B-763B-4BE8-9446-3FDD041FE4E9}.Debug|x86.Build.0 = Debug|Win32
		{DBC0523B-763B-4BE8-9446-3FDD041FE4E9}.Release|x64.ActiveCfg = Release|x64
		{DBC0523B-763B-4BE8-9446-3FDD041FE4E9}.Release|x64.Build.0 = Release|x64
		{DBC0523B-763B-4BE8-9446-3FDD041FE4E9}.Release|x86.ActiveCfg = Release|Win32
		{DBC0523B-763B-4BE8-9446-3FDD041FE4E9}.Release|x86.Build.0 = Release|Win32
		{DBB8C50C-8C40-4058-9B8B-DA3B832D5A24}.Debug|x64.ActiveCfg = Debug|x64
		{DBB8C50C-8C40-4058-9B8B-DA3B832D5A24}.Debug|x64.Build.0 = Debug|x64
		{DBB8C50C-8C40-4058-9B8B-DA3B832D5A24}.Debug|x86.ActiveCfg = Debug|Win32
		{DBB8C50C-8C40-4058-9B8B-DA3B832D5A24}.Debug|x86.Build.0 = Debug|Win32
		{DBB8C50C-8C40-4058-9B8B-DA3B832D5A24}.Release|x64.ActiveCfg = Release|x64
		{DBB8C50C-8C40-4058-9B8B-DA3B832D5A24}.Release|x64.Build.0 = Release|x64
		{DBB8C50C-8C40-4058-9B8B-DA3B832D5A24}.Release|x86.ActiveCfg = Release|Win32
		{DBB8C50C-8C40-4058-9B8B-DA3B832D5A24}.Release|x86.Build.0 = Release|Win32
		{6DC265D2-DE68-455F-8B7C-3D9C034D892B}.Debug|x64.ActiveCfg = Debug|x64
		{6DC265D2-DE68-455F-8B7C-3D9C034D892B}.Debug|x64.Build.0 = Debug|x64
		{6DC265D2-DE68-455F-8B7C-3D9C034D892B}.Debug|x86.ActiveCfg = Debug|Win32
		{6DC265D2-DE68-455F-8B7C-3D9C034D892B}.Debug|x86.Build.0 = Debug|Win32
		{6DC265D2-DE68-455F-8B7C-3D9C034D892B}.Release|x64.ActiveCfg = Release|x64
		{6DC265D2-DE68-455F-8B7C-3D9C034D892B}.Release|x64.Build.0 = Release|x64
		{6DC265D2-DE68-455F-8B7C-3D9C034D892B}.Release|x86.ActiveCfg = Release|Win32
		{6DC265D2-DE68-455F-8B7C-3D9C034D892B}.Release|x86.Build.0 = Release|Win32
		{4FF62AE4-88CA-430B-956F-F1AFA6615D68}.Debug|x64.ActiveCfg = Debug|x64
		{4FF62AE4-88CA-430B-956F-F1AFA6615D68}.Debug|x64.Build.0 = Debug|x64
		{4FF62AE4-88CA-430B-956F-F1AFA6615D68}.Debug|x86.ActiveCfg = Debug|Win32
		{4FF62AE4-88CA-430B-956F-F1AFA6615D68}.Debug|x86.Build.0 = Debug|Win32
		{4FF62AE4-88CA-430B-956F-F1AFA6615D68}.Release|x64.ActiveCfg = Release|x64
		{4FF62AE4-88CA-430B-956F-F1AFA6615D68}.Release|x64.Build.0 = Release|x64
		{4FF62AE4-88CA-430B-956F-F1AFA6615D68}.Release|x86.ActiveCfg = Release|Win32
		{4FF62AE4-88CA-430B-956F-F1AFA6615D68}.Release|x86.Build.0 = Release|Win32
		{ACF68FEC-8FA0-421C-81FB-B446521DC4DF}.Debug|x64.ActiveCfg = Debug|x64
		{ACF68FEC-8FA0-421C-81FB-B446521DC4DF}.Debug|x64.Build.0 = Debug|x64
		{ACF68FEC-8FA0-421C-81FB-B446521DC4DF}.Debug|x86.ActiveCfg = Debug|Win32
		{ACF68FEC-8FA0-421C-81FB-B446521DC4DF}.Debug|x86.Build.0 = Debug|Win32
		{ACF68FEC-8FA0-421C-81FB-B446521DC4DF}.Release|x64.ActiveCfg = Release|x64
		{ACF68FEC-8FA0-421C-81FB-B446521DC4DF}.Release|x64.Build.0 = Release|x64
		{ACF68FEC-8FA0-421C-81FB-B446521DC4DF}.Release|x86.ActiveCfg = Release|Win32
		{ACF68FEC-8FA0-421C-81FB-B446521DC4DF}.Release|x86.Build.0 = Release|Win32
		{636B701B-4A3F-404A-A8C3-5E4DCE8D447E}.Debug|x64.ActiveCfg = Debug|x64
		{636B701B-4A3F-404A-A8C3-5E4DCE8D447E}.Debug|x64.Build.0 = Debug|x64
		{636B701B-4A3F-404A-A8C3-5E4DCE8D447E}.Debug|x86.ActiveCfg = Debug|Win32
		{636B701B-4A3F-404A-A8C3-5E4DCE8D447E}.Debug|x86.Build.0 = Debug|Win32
		{636B701B-4A3F-404A-A8C3-5E4DCE8D447E}.Release|x64.ActiveCfg = Release|x64
		{636B701B-4A3F-404A-A8C3-5E4DCE8D447E}.Release|x64.Build.0 = Release|x64
		{636B701B-4A3F-404A-A8C3-5E4DCE8D447E}.Release|x86.ActiveCfg = Release|Win32
		{636B701B-4A3F-404A-A8C3-5E4DCE8D447E}.Release|x86.Build.0 = Release|Win32
		{C5694F2E-DC6F-4DD6-8EE9-28843CE144C8}.Debug|x64.ActiveCfg = Debug|x64
		{C5694F2E-DC6F-4DD6-8EE9-28843CE144C8}.Debug|x64.Build.0 = Debug|x64
		{C5694F2E-DC6F-4DD6-8EE9-28843CE144C8}.Debug|x86.ActiveCfg = Debug|Win32
		{C5694F2E-DC6F-4DD6-8EE9-28843CE144C8}.Debug|x86.Build.0 = Debug|Win32
		{C5694F2E-DC6F-4DD6-8EE9-28843CE144C8}.Release|x64.ActiveCfg = Release|x64
		{C5694F2E-DC6F-4DD6-8EE9-28843CE144C8}.Release|x64.Build.0 = Release|x64
		{C5694F2E-DC6F-4DD6-8EE9-28843CE144C8}.Release|x86.ActiveCfg = Release|Win32
		{C5694F2E-DC6F-4DD6-8EE9-28843CE144C8}.Release|x86.Build.0 = Release|Win32
		{2E67D9A5-8445-4C86-A609-116BB531F4A2}.Debug|x64.ActiveCfg = Debug|x64
		{2E67D9A5-8445-4C86-A609-116BB531F4A2}.Debug|x64.Build.0 = Debug|x64
		{2E67D9A5-8445-4C86-A609-116BB531F4A2}.Debug|x86.ActiveCfg = Debug|Win32
		{2E67D9A5-8445-4C86-A609-116BB531F4A2}.Debug|x86.Build.0 = Debug|Win32
		{2E67D9A5-8445-4C86-A609-116BB531F4A2}.Release|x64.ActiveCfg = Release|x64
		{2E67D9A5-8445-4C86-A609-116BB531F4A2}.Release|x64.Build.0 = Release|x64
		{2E67D9A5-8445-4C86-A609-116BB531F4A2}.Release|x86.ActiveCfg = Release|Win32
		{2E67D9A5-8445-4C86-A609-116BB531F4A2}.Release|x86.Build.0 = Release|Win32
		{14EB79E9-E238-491B-98BE-A432D2446749}.Debug|x64.ActiveCfg = Debug|x64
		{14EB79E9-E238-491B-98BE-A432D2446749}.Debug|x64.Build.0 = Debug|x64
		{14EB79E9-E238-491B-98BE-A432D2446749}.Debug|x86.ActiveCfg = Debug|Win32
		{14EB79E9-E238-491B-98BE-A432D2446749}.Debug|x86.Build.0 = Debug|Win32
		{14EB79E9-E238-491B-98BE-A432D2446749}.Release|x64.ActiveCfg = Release|x64
		{14EB79E9-E238-491B-98BE-A432D2446749}.Release|x64.Build.0 = Release|x64
		{14EB79E9-E238-491B-98BE-A432D2446749}.Release|x86.ActiveCfg = Release|Win32
		{14EB79E9-E238-491B-98BE-A432D2446749}.Release|x86.Build.0 = Release|Win32
		{5DB98DAF-B68F-4824-A112-9BA525F8446F}.Debug|x64.ActiveCfg = Debug|x64
		{5DB98DAF-B68F-4824-A112-9BA525F8446F}.Debug|x64.Build.0 = Debug|x64
		{5DB98DAF-B68F-4824-A112-9BA525F8446F}.Debug|x86.ActiveCfg = Debug|Win32
		{5DB98DAF-B68F-4824-A112-9BA525F8446F}.Debug|x86.Build.0 = Debug|Win32
		{5DB98DAF-B68F-4824-A112-9BA525F8446F}.Release|x64.ActiveCfg = Release|x64
		{5DB98DAF-B68F-4824-A112-9BA525F8446F}.Release|x64.Build.0 = Release|x64
		{5DB98DAF-B68F-4824-A112-9BA525F8446F}.Release|x86.ActiveCfg = Release|Win32
		{5DB98DAF-B68F-4824-A112-9BA525F8446F}.Release|x86.Build.0 = Release|Win32
		{F46FC3F1-D90F-47B2-A2AC-58225009CBB6}.Debug|x64.ActiveCfg = Debug|x64
		{F46FC3F1-D90F-47B2-A2AC-58225009CBB6}.Debug|x64.Build.0 = Debug|x64
		{F46FC3F1-D90F-47B2-A2AC-58225009CBB6}.Debug|x86.ActiveCfg = Debug|Win32
		{F46FC3F1-D90F-47B2-A2AC-58225009CBB6}.Debug|x86.Build.0 = Debug|Win32
		{F46FC3F1-D90F-47B2-A2AC-58225009CBB6}.Release|x64.ActiveCfg = Release|x64
		{F46FC3F1-D90F-47B2-A2AC-58225009CBB6}.Release|x64.Build.0 = Release|x64
		{F46FC3F1-D90F-47B2-A2AC-58225009CBB6}.Release|x86.ActiveCfg = Release|Win32
		{F46FC3F1-D90F-47B2-A2AC-58225009CBB6}.Release|x86.Build.0 = Release|Win32
		{E966EFA4-BBDE-437E-B948-9570FDC07472}.Debug|x64.ActiveCfg = Debug|x64
		{E966EFA4-BBDE-437E-B948-9570FDC07472}.Debug|x64.Build.0 = Debug|x64
		{E966EFA4-BBDE-437E-B948-9570FDC07472}.Debug|x86.ActiveCfg = Debug|Win32
		{E966EFA4-BBDE-437E-B948-9570FDC07472}.Debug|x86.Build.0 = Debug|Win32
		{E966EFA4-BBDE-437E-B948-9570FDC07472}.Release|x64.ActiveCfg = Release|x64
		{E966EFA4-BBDE-437E-B948-9570FDC07472}.Release|x64.Build.0 = Release|x64
		{E966EFA4-BBDE-437E-B948-9570FDC07472}.Release|x86.ActiveCfg = Release|Win32
		{E966EFA4-BBDE-437E-B948-9570FDC07472}.Release|x86.Build.0 = Release|Win32
		{10CDDEF7-A38C-4B7F-9B4F-6315ED92E227}.Debug|x64.ActiveCfg = Debug|x64
		{10CDDEF7-A38C-4B7F-9B4F-6315ED92E227}.Debug|x64.Build.0 = Debug|x64
		{10CDDEF7-A38C-4B7F-9B4F-6315ED92E227}.Debug|x86.ActiveCfg = Debug|Win32
		{10CDDEF7-A38C-4B7F-9B4F-6315ED92E227}.Debug|x86.Build.0 = Debug|Win32
		{10CDDEF7-A38C-4B7F-9B4F-6315ED92E227}.Release|x64.ActiveCfg = Release|x64
		{10CDDEF7-A38C-4B7F-9B4F-6315ED92E227}.Release|x64.Build.0 = Release|x64
		{10CDDEF7-A38C-4B7F-9B4F-6315ED92E227}.Release|x86.ActiveCfg = Release|Win32
		{10CDDEF7-A38C-4B7F-9B4F-6315ED92E227}.Release|x86.Build.0 = Release|Win32
		{5B6DC64E-CEB0-42E8-A6D1-D12EBDD73951}.Debug|x64.ActiveCfg = Debug|x64
		{5B6DC64E-CEB0-42E8-A6D1-D12EBDD73951}.Debug|x64.Build.0 = Debug|x64
		{5B6DC64E-CEB0-42E8-A6D1-D12EBDD73951}.Debug|x86.ActiveCfg = Debug|Win32
		{5B6DC64E-CEB0-42E8-A6D1-D12EBDD73951}.Debug|x86.Build.0 = Debug|Win32
		{5B6DC64E-CEB0-42E8-A6D1-D12EBDD73951}.Release|x64.ActiveCfg = Release|x64
		{5B6DC64E-CEB0-42E8-A6D1-D12EBDD73951}.Release|x64.Build.0 = Release|x64
		{5B6DC64E-CEB0-42E8-A6D1-D12EBDD73951}.Release|x86.ActiveCfg = Release|Win32
		{5B6DC64E-CEB0-42E8-A6D1-D12EBDD73951}.Release|x86.Build.0 = Release|Win32
		{B7C7E511-AE6F-4E6D-ADE9-CE04E5DACFF4}.Debug|x64.ActiveCfg = Debug|x64
		{B7C7E511-AE6F-4E6D-ADE9-CE04E5DACFF4}.Debug|x64.Build.0 = Debug|x64
		{B7C7E511-AE6F-4E6D-ADE9-CE04E5DACFF4}.Debug|x86.ActiveCfg = Debug|Win32
		{B7C7E511-AE6F-4E6D-ADE9-CE04E5DACFF4}.Debug|x86.Build.0 = Debug|Win32
		{B7C7E511-AE6F-4E6D-ADE9-CE04E5DACFF4}.Release|x64.ActiveCfg = Release|x64
		{B7C7E511-AE6F-4E6D-ADE9-CE04E5DACFF4}.Release|x64.Build.0 = Release|x64
		{B7C7E511-AE6F-4E6D-ADE9-CE04E5DACFF4}.Release|x86.ActiveCfg = Release|Win32
		{B7C7E511-AE6F-4E6D-ADE9-CE04E5DACFF4}.Release|x86.Build.0 = Release|Win32
	EndGlobalSection
	GlobalSection(SolutionProperties) = preSolution
		HideSolutionNode = FALSE
	EndGlobalSection
	GlobalSection(ExtensibilityGlobals) = postSolution
		SolutionGuid = {AB0ECDDD-3D56-4749-A45F-4720FC988CE7}
	EndGlobalSection
EndGlobal
